
Microsoft Visual Studio Solution File, Format Version 12.00
# Visual Studio Version 17
VisualStudioVersion = 17.6.33801.468
MinimumVisualStudioVersion = 10.0.40219.1
Project("{FAE04EC0-301F-11D3-BF4B-00C04F79EFBC}") = "FitnessTrackerApp", "FitnessTrackerApp.csproj", "{2E8BD77D-BF91-4FA3-A972-FC58FC3A1E55}"
EndProject
Global
	GlobalSection(SolutionConfigurationPlatforms) = preSolution
		Debug|Any CPU = Debug|Any CPU
		Release|Any CPU = Release|Any CPU
	EndGlobalSection
	GlobalSection(ProjectConfigurationPlatforms) = postSolution
		{2E8BD77D-BF91-4FA3-A972-FC58FC3A1E55}.Debug|Any CPU.ActiveCfg = Debug|Any CPU
		{2E8BD77D-BF91-4FA3-A972-FC58FC3A1E55}.Debug|Any CPU.Build.0 = Debug|Any CPU
		{2E8BD77D-BF91-4FA3-A972-FC58FC3A1E55}.Release|Any CPU.ActiveCfg = Release|Any CPU
		{2E8BD77D-BF91-4FA3-A972-FC58FC3A1E55}.Release|Any CPU.Build.0 = Release|Any CPU
	EndGlobalSection
	GlobalSection(SolutionProperties) = preSolution
		HideSolutionNode = FALSE
	EndGlobalSection
	GlobalSection(ExtensibilityGlobals) = postSolution
		SolutionGuid = {B652F47E-3D69-4456-BB1A-32EA0F96759D}
	EndGlobalSection
EndGlobal
